
Microsoft Visual Studio Solution File, Format Version 12.00
# Visual Studio Version 17
VisualStudioVersion = 17.4.33122.133
MinimumVisualStudioVersion = 10.0.40219.1
Project("{FAE04EC0-301F-11D3-BF4B-00C04F79EFBC}") = "GamesWebAPI", "GamesWebAPI\GamesWebAPI.csproj", "{588C51EE-6595-4A08-813D-1325209AF680}"
EndProject
Global
	GlobalSection(SolutionConfigurationPlatforms) = preSolution
		Debug|Any CPU = Debug|Any CPU
		Release|Any CPU = Release|Any CPU
	EndGlobalSection
	GlobalSection(ProjectConfigurationPlatforms) = postSolution
		{588C51EE-6595-4A08-813D-1325209AF680}.Debug|Any CPU.ActiveCfg = Debug|Any CPU
		{588C51EE-6595-4A08-813D-1325209AF680}.Debug|Any CPU.Build.0 = Debug|Any CPU
		{588C51EE-6595-4A08-813D-1325209AF680}.Release|Any CPU.ActiveCfg = Release|Any CPU
		{588C51EE-6595-4A08-813D-1325209AF680}.Release|Any CPU.Build.0 = Release|Any CPU
	EndGlobalSection
	GlobalSection(SolutionProperties) = preSolution
		HideSolutionNode = FALSE
	EndGlobalSection
	GlobalSection(ExtensibilityGlobals) = postSolution
		SolutionGuid = {12B4B144-B45D-43A3-8F88-4DA2E2CF9A0F}
	EndGlobalSection
EndGlobal
